
Microsoft Visual Studio Solution File, Format Version 12.00
# Visual Studio 2013
VisualStudioVersion = 12.0.31101.0
MinimumVisualStudioVersion = 10.0.40219.1
Project("{FAE04EC0-301F-11D3-BF4B-00C04F79EFBC}") = "Bowling", "Bowling\Bowling.csproj", "{F56EA9BD-E324-4CEA-B0A3-9F57CE8FD7AB}"
EndProject
Project("{FAE04EC0-301F-11D3-BF4B-00C04F79EFBC}") = "DungeonsAndDragons", "DungeonsAndDragons\DungeonsAndDragons.csproj", "{2D6EC216-7988-449C-ABA6-1C797C551768}"
EndProject
Project("{FAE04EC0-301F-11D3-BF4B-00C04F79EFBC}") = "SettlersOfCatan", "SettlersOfCatan\SettlersOfCatan.csproj", "{E40FBAEF-97E9-45FC-A6A8-0A5A830D39D0}"
EndProject
Project("{FAE04EC0-301F-11D3-BF4B-00C04F79EFBC}") = "Bowling.App", "Bowling.App\Bowling.App.csproj", "{0FB5624D-0AA5-4BC2-AAB9-EBFBFB421DA2}"
EndProject
Project("{FAE04EC0-301F-11D3-BF4B-00C04F79EFBC}") = "Bowling.Portable", "Bowling.Portable\Bowling.Portable.csproj", "{A94DB009-A0AA-4979-808D-3B38DBFAF926}"
EndProject
Global
	GlobalSection(SolutionConfigurationPlatforms) = preSolution
		Debug|Any CPU = Debug|Any CPU
		Release|Any CPU = Release|Any CPU
	EndGlobalSection
	GlobalSection(ProjectConfigurationPlatforms) = postSolution
		{F56EA9BD-E324-4CEA-B0A3-9F57CE8FD7AB}.Debug|Any CPU.ActiveCfg = Debug|Any CPU
		{F56EA9BD-E324-4CEA-B0A3-9F57CE8FD7AB}.Debug|Any CPU.Build.0 = Debug|Any CPU
		{F56EA9BD-E324-4CEA-B0A3-9F57CE8FD7AB}.Release|Any CPU.ActiveCfg = Release|Any CPU
		{F56EA9BD-E324-4CEA-B0A3-9F57CE8FD7AB}.Release|Any CPU.Build.0 = Release|Any CPU
		{2D6EC216-7988-449C-ABA6-1C797C551768}.Debug|Any CPU.ActiveCfg = Debug|Any CPU
		{2D6EC216-7988-449C-ABA6-1C797C551768}.Debug|Any CPU.Build.0 = Debug|Any CPU
		{2D6EC216-7988-449C-ABA6-1C797C551768}.Release|Any CPU.ActiveCfg = Release|Any CPU
		{2D6EC216-7988-449C-ABA6-1C797C551768}.Release|Any CPU.Build.0 = Release|Any CPU
		{E40FBAEF-97E9-45FC-A6A8-0A5A830D39D0}.Debug|Any CPU.ActiveCfg = Debug|Any CPU
		{E40FBAEF-97E9-45FC-A6A8-0A5A830D39D0}.Debug|Any CPU.Build.0 = Debug|Any CPU
		{E40FBAEF-97E9-45FC-A6A8-0A5A830D39D0}.Release|Any CPU.ActiveCfg = Release|Any CPU
		{E40FBAEF-97E9-45FC-A6A8-0A5A830D39D0}.Release|Any CPU.Build.0 = Release|Any CPU
		{0FB5624D-0AA5-4BC2-AAB9-EBFBFB421DA2}.Debug|Any CPU.ActiveCfg = Debug|Any CPU
		{0FB5624D-0AA5-4BC2-AAB9-EBFBFB421DA2}.Debug|Any CPU.Build.0 = Debug|Any CPU
		{0FB5624D-0AA5-4BC2-AAB9-EBFBFB421DA2}.Release|Any CPU.ActiveCfg = Release|Any CPU
		{0FB5624D-0AA5-4BC2-AAB9-EBFBFB421DA2}.Release|Any CPU.Build.0 = Release|Any CPU
		{A94DB009-A0AA-4979-808D-3B38DBFAF926}.Debug|Any CPU.ActiveCfg = Debug|Any CPU
		{A94DB009-A0AA-4979-808D-3B38DBFAF926}.Debug|Any CPU.Build.0 = Debug|Any CPU
		{A94DB009-A0AA-4979-808D-3B38DBFAF926}.Release|Any CPU.ActiveCfg = Release|Any CPU
		{A94DB009-A0AA-4979-808D-3B38DBFAF926}.Release|Any CPU.Build.0 = Release|Any CPU
	EndGlobalSection
	GlobalSection(SolutionProperties) = preSolution
		HideSolutionNode = FALSE
	EndGlobalSection
EndGlobal
